{
    "_readme": [
        "This file locks the dependencies of your project to a known state",
        "Read more about it at https://getcomposer.org/doc/01-basic-usage.md#installing-dependencies",
        "This file is @generated automatically"
    ],
    "content-hash": "370a202860f37c0004e8f6788440e7ce",
    "packages": [
        {
            "name": "anarchitecture/combinatorics",
            "version": "v0.1.3",
            "source": {
                "type": "git",
                "url": "https://github.com/Anarchitecture/combinatorics.git",
                "reference": "adfa84b249c3ef4054ba1a54bf2d08ec742e2e25"
            },
            "dist": {
                "type": "zip",
                "url": "https://api.github.com/repos/Anarchitecture/combinatorics/zipball/adfa84b249c3ef4054ba1a54bf2d08ec742e2e25",
                "reference": "adfa84b249c3ef4054ba1a54bf2d08ec742e2e25",
                "shasum": ""
            },
            "require": {
                "php": "^8.5"
            },
            "require-dev": {
                "anarchitecture/pipe": "^0.4.0",
                "phpstan/phpstan": "^2.1",
                "phpunit/phpunit": "^12.5"
            },
            "suggest": {
                "anarchitecture/pipe": "For building easy pipelines"
            },
            "type": "library",
            "autoload": {
                "files": [
                    "src/combinatorics.php"
                ]
            },
            "notification-url": "https://packagist.org/downloads/",
            "license": [
                "MIT"
            ],
            "description": "Combinatorics helpers for functional pipelines (powerset, permutations, allocations) for PHP 8.5+.",
            "support": {
                "source": "https://github.com/Anarchitecture/combinatorics/tree/v0.1.3"
            },
            "time": "2026-01-18T20:11:21+00:00"
        },
        {
            "name": "anarchitecture/pipe",
            "version": "v0.4.3",
            "source": {
                "type": "git",
                "url": "https://github.com/Anarchitecture/pipe.git",
                "reference": "a0c3edfba0d0a2466a859420721b8b40898a3068"
            },
            "dist": {
                "type": "zip",
                "url": "https://api.github.com/repos/Anarchitecture/pipe/zipball/a0c3edfba0d0a2466a859420721b8b40898a3068",
                "reference": "a0c3edfba0d0a2466a859420721b8b40898a3068",
                "shasum": ""
            },
            "require": {
                "php": "^8.5"
            },
            "require-dev": {
                "friendsofphp/php-cs-fixer": "^3.93",
                "phpstan/phpstan": "^2.1",
                "phpunit/phpunit": "^12.5"
            },
            "type": "library",
            "autoload": {
                "files": [
                    "src/pipe.php"
                ]
            },
            "notification-url": "https://packagist.org/downloads/",
            "license": [
                "MIT"
            ],
            "description": "Unary callable helpers to leverage PHP 8.5 pipes",
            "support": {
                "issues": "https://github.com/Anarchitecture/pipe/issues",
                "source": "https://github.com/Anarchitecture/pipe/tree/v0.4.3"
            },
            "time": "2026-02-03T12:34:50+00:00"
        },
        {
            "name": "markrogoyski/math-php",
            "version": "v2.13.0",
            "source": {
                "type": "git",
                "url": "https://github.com/markrogoyski/math-php.git",
                "reference": "c064e80bfc4039b812f6b29bacebb07dfb5a049f"
            },
            "dist": {
                "type": "zip",
                "url": "https://api.github.com/repos/markrogoyski/math-php/zipball/c064e80bfc4039b812f6b29bacebb07dfb5a049f",
                "reference": "c064e80bfc4039b812f6b29bacebb07dfb5a049f",
                "shasum": ""
            },
            "require": {
                "ext-json": "*",
                "php": ">=7.2.0"
            },
            "require-dev": {
                "php-coveralls/php-coveralls": "^2.0",
                "php-parallel-lint/php-parallel-lint": "^1.2",
                "phploc/phploc": "*",
                "phpmd/phpmd": "^2.6",
                "phpstan/phpstan": "^1.10",
                "phpunit/phpunit": "^8.5",
                "squizlabs/php_codesniffer": "3.*"
            },
            "type": "library",
            "autoload": {
                "psr-4": {
                    "MathPHP\\": "src/"
                }
            },
            "notification-url": "https://packagist.org/downloads/",
            "license": [
                "MIT"
            ],
            "authors": [
                {
                    "name": "Mark Rogoyski",
                    "email": "mark@rogoyski.com",
                    "homepage": "https://github.com/markrogoyski",
                    "role": "Lead developer"
                },
                {
                    "name": "Kevin Nowaczyk",
                    "homepage": "https://github.com/Beakerboy",
                    "role": "Developer"
                },
                {
                    "name": "MathPHP Community of Contributors",
                    "homepage": "https://github.com/markrogoyski/math-php/graphs/contributors"
                }
            ],
            "description": "Math Library for PHP. Features descriptive statistics and regressions; Continuous and discrete probability distributions; Linear algebra with matrices and vectors, Numerical analysis; special mathematical functions; Algebra",
            "homepage": "https://github.com/markrogoyski/math-php/",
            "keywords": [
                "algebra",
                "combinatorics",
                "distributions",
                "linear algebra",
                "math",
                "mathematics",
                "matrix",
                "numerical analysis",
                "probability",
                "regressions",
                "statistics"
            ],
            "support": {
                "issues": "https://github.com/markrogoyski/math-php/issues",
                "source": "https://github.com/markrogoyski/math-php/tree/v2.13.0"
            },
            "time": "2025-10-24T05:40:38+00:00"
        }
    ],
    "packages-dev": [],
    "aliases": [],
    "minimum-stability": "stable",
    "stability-flags": {},
    "prefer-stable": false,
    "prefer-lowest": false,
    "platform": {},
    "platform-dev": {},
    "plugin-api-version": "2.9.0"
}
