{
    "_readme": [
        "This file locks the dependencies of your project to a known state",
        "Read more about it at https://getcomposer.org/doc/01-basic-usage.md#installing-dependencies",
        "This file is @generated automatically"
    ],
    "content-hash": "fa08c5cf3660cbf323d6b0697c9e44b3",
    "packages": [
        {
            "name": "anarchitecture/pipe",
            "version": "dev-main",
            "source": {
                "type": "git",
                "url": "https://github.com/Anarchitecture/pipe.git",
                "reference": "564d1881098d7f5cdc91c691318189cb0be06647"
            },
            "dist": {
                "type": "zip",
                "url": "https://api.github.com/repos/Anarchitecture/pipe/zipball/564d1881098d7f5cdc91c691318189cb0be06647",
                "reference": "564d1881098d7f5cdc91c691318189cb0be06647",
                "shasum": ""
            },
            "require": {
                "php": "^8.5"
            },
            "require-dev": {
                "phpstan/phpstan": "^2.1"
            },
            "default-branch": true,
            "type": "library",
            "autoload": {
                "files": [
                    "src/pipe.php"
                ]
            },
            "notification-url": "https://packagist.org/downloads/",
            "license": [
                "MIT"
            ],
            "description": "Unary callable helpers to leverage PHP 8.5 pipes",
            "support": {
                "issues": "https://github.com/Anarchitecture/pipe/issues",
                "source": "https://github.com/Anarchitecture/pipe/tree/main"
            },
            "time": "2026-01-07T09:15:10+00:00"
        }
    ],
    "packages-dev": [],
    "aliases": [],
    "minimum-stability": "stable",
    "stability-flags": {
        "anarchitecture/pipe": 20
    },
    "prefer-stable": false,
    "prefer-lowest": false,
    "platform": {},
    "platform-dev": {},
    "plugin-api-version": "2.9.0"
}
